
Microsoft Visual Studio Solution File, Format Version 12.00
# Visual Studio 2012
Project("{FAE04EC0-301F-11D3-BF4B-00C04F79EFBC}") = "Samples.MyFirstWCF.DisplayBitsService", "Samples.MyFirstWCF.DisplayBitsService\Samples.MyFirstWCF.DisplayBitsService.csproj", "{A0F148FC-2E6A-4839-9B40-7969B6204DAB}"
EndProject
Project("{FAE04EC0-301F-11D3-BF4B-00C04F79EFBC}") = "Samples.MyFirstWCF.DisplayBitsSelfHost", "Samples.MyFirstWCF.DisplayBitsSelfHost\Samples.MyFirstWCF.DisplayBitsSelfHost.csproj", "{D48DFA24-65CB-4635-AAB0-781644FD45B6}"
EndProject
Project("{FAE04EC0-301F-11D3-BF4B-00C04F79EFBC}") = "Samples.MyFirstWCFClient", "Samples.MyFirstWCFClient\Samples.MyFirstWCFClient.csproj", "{C093CC07-325D-42F8-A786-2C538F1F6F45}"
EndProject
Global
	GlobalSection(SolutionConfigurationPlatforms) = preSolution
		Debug|Any CPU = Debug|Any CPU
		Release|Any CPU = Release|Any CPU
	EndGlobalSection
	GlobalSection(ProjectConfigurationPlatforms) = postSolution
		{A0F148FC-2E6A-4839-9B40-7969B6204DAB}.Debug|Any CPU.ActiveCfg = Debug|Any CPU
		{A0F148FC-2E6A-4839-9B40-7969B6204DAB}.Debug|Any CPU.Build.0 = Debug|Any CPU
		{A0F148FC-2E6A-4839-9B40-7969B6204DAB}.Release|Any CPU.ActiveCfg = Release|Any CPU
		{A0F148FC-2E6A-4839-9B40-7969B6204DAB}.Release|Any CPU.Build.0 = Release|Any CPU
		{C093CC07-325D-42F8-A786-2C538F1F6F45}.Debug|Any CPU.ActiveCfg = Debug|Any CPU
		{C093CC07-325D-42F8-A786-2C538F1F6F45}.Debug|Any CPU.Build.0 = Debug|Any CPU
		{C093CC07-325D-42F8-A786-2C538F1F6F45}.Release|Any CPU.ActiveCfg = Release|Any CPU
		{C093CC07-325D-42F8-A786-2C538F1F6F45}.Release|Any CPU.Build.0 = Release|Any CPU
		{D48DFA24-65CB-4635-AAB0-781644FD45B6}.Debug|Any CPU.ActiveCfg = Debug|Any CPU
		{D48DFA24-65CB-4635-AAB0-781644FD45B6}.Debug|Any CPU.Build.0 = Debug|Any CPU
		{D48DFA24-65CB-4635-AAB0-781644FD45B6}.Release|Any CPU.ActiveCfg = Release|Any CPU
		{D48DFA24-65CB-4635-AAB0-781644FD45B6}.Release|Any CPU.Build.0 = Release|Any CPU
	EndGlobalSection
	GlobalSection(MonoDevelopProperties) = preSolution
		StartupItem = Samples.MyFirstWCFClient\Samples.MyFirstWCFClient.csproj
	EndGlobalSection
EndGlobal
